
Microsoft Visual Studio Solution File, Format Version 12.00
# Visual Studio Version 17
VisualStudioVersion = 17.3.32922.545
MinimumVisualStudioVersion = 10.0.40219.1
Project("{9A19103F-16F7-4668-BE54-9A1E7A4F7556}") = "LightWServer.Server", "LightWServer.Server\LightWServer.Server.csproj", "{A2DFC3A5-10D7-41CC-B996-43672431062A}"
EndProject
Project("{9A19103F-16F7-4668-BE54-9A1E7A4F7556}") = "LightWServer.Core", "LightWServer.Core\LightWServer.Core.csproj", "{30C2F710-887F-4424-8CDE-4BEFFEFF995E}"
EndProject
Global
	GlobalSection(SolutionConfigurationPlatforms) = preSolution
		Debug|Any CPU = Debug|Any CPU
		Release|Any CPU = Release|Any CPU
	EndGlobalSection
	GlobalSection(ProjectConfigurationPlatforms) = postSolution
		{A2DFC3A5-10D7-41CC-B996-43672431062A}.Debug|Any CPU.ActiveCfg = Debug|Any CPU
		{A2DFC3A5-10D7-41CC-B996-43672431062A}.Debug|Any CPU.Build.0 = Debug|Any CPU
		{A2DFC3A5-10D7-41CC-B996-43672431062A}.Release|Any CPU.ActiveCfg = Release|Any CPU
		{A2DFC3A5-10D7-41CC-B996-43672431062A}.Release|Any CPU.Build.0 = Release|Any CPU
		{30C2F710-887F-4424-8CDE-4BEFFEFF995E}.Debug|Any CPU.ActiveCfg = Debug|Any CPU
		{30C2F710-887F-4424-8CDE-4BEFFEFF995E}.Debug|Any CPU.Build.0 = Debug|Any CPU
		{30C2F710-887F-4424-8CDE-4BEFFEFF995E}.Release|Any CPU.ActiveCfg = Release|Any CPU
		{30C2F710-887F-4424-8CDE-4BEFFEFF995E}.Release|Any CPU.Build.0 = Release|Any CPU
	EndGlobalSection
	GlobalSection(SolutionProperties) = preSolution
		HideSolutionNode = FALSE
	EndGlobalSection
	GlobalSection(ExtensibilityGlobals) = postSolution
		SolutionGuid = {308BD66C-6C8D-4054-A2CC-380B1F28FF38}
	EndGlobalSection
EndGlobal
